<?xml version="1.0" encoding="utf-8"?>
<Project ToolsVersion="4.0" xmlns="http://schemas.microsoft.com/developer/msbuild/2003">
  <ItemGroup>
    <ClInclude Include="pricer\stdafx.h" />
    <ClInclude Include="pricer\targetver.h" />
    <ClInclude Include="pricer\UTest.h" />
    <ClInclude Include="pricer\UType.h" />
    <ClInclude Include="pricer\mceng\CGenerator.h" />
    <ClInclude Include="pricer\mceng\CEurStat.h" />
    <ClInclude Include="pricer\math\CInterp.h" />
    <ClInclude Include="pricer\mceng\CPathGen.h" />
    <ClInclude Include="pricer\pdeeng\CPdeEng.h" />
    <ClInclude Include="pricer\processes\CProcessVolLoc.h" />
    <ClInclude Include="pricer\processes\CSchemeLocVol.h" />
    <ClInclude Include="pricer\math\CTriDagMatrix.h" />
    <ClInclude Include="pricer\tools\UFormulas.h" />
    <ClInclude Include="pricer\processes\IProcess.h" />
    <ClInclude Include="pricer\math\CGrid.h" />
    <ClInclude Include="pricer\instrs\Uall.h" />
    <ClInclude Include="pricer\math\UAll.h" />
    <ClInclude Include="pricer\mceng\Uall.h" />
    <ClInclude Include="pricer\pdeeng\UAll.h" />
    <ClInclude Include="pricer\processes\UAll.h" />
    <ClInclude Include="pricer\tools\UAll.h" />
    <ClInclude Include="pricer\Pricer.h" />
    <ClInclude Include="pricer\params\CParam.h" />
    <ClInclude Include="pricer\params\CVol.h" />
    <ClInclude Include="pricer\params\CVolSquare.h" />
    <ClInclude Include="pricer\math\Cinterp2d.h" />
    <ClInclude Include="pricer\processes\CSigmaLoc.h" />
    <ClInclude Include="pricer\instrs\CPayoff.h" />
    <ClInclude Include="pricer\params\UAll.h" />
    <ClInclude Include="pricer\params\IVolDerivator.h" />
    <ClInclude Include="pricer\params\CVolDerivSimple.h" />
    <ClInclude Include="pricer\processes\CSigmaDupire.h" />
  </ItemGroup>
  <ItemGroup>
    <ClCompile Include="pricer\Pricer.cpp" />
    <ClCompile Include="pricer\stdafx.cpp" />
    <ClCompile Include="pricer\UTest.cpp" />
    <ClCompile Include="pricer\mceng\CGenerator.cpp" />
    <ClCompile Include="pricer\math\CInterp.cpp" />
    <ClCompile Include="pricer\math\CGrid.cpp" />
    <ClCompile Include="pricer\math\CInterp2d.cpp" />
    <ClCompile Include="pricer\params\CVolSquare.cpp" />
    <ClCompile Include="pricer\processes\CSigmaLoc.cpp" />
    <ClCompile Include="pricer\processes\CSchemeLocVol.cpp" />
    <ClCompile Include="pricer\processes\CProcessVolLoc.cpp" />
    <ClCompile Include="pricer\instrs\CPayoff.cpp" />
    <ClCompile Include="pricer\mceng\CEurStat.cpp" />
    <ClCompile Include="pricer\pdeeng\CPdeEng.cpp" />
    <ClCompile Include="pricer\params\CVolDerivSimple.cpp" />
    <ClCompile Include="pricer\processes\CSigmaDupire.cpp" />
    <ClCompile Include="pricer\tools\UFormula.cpp" />
  </ItemGroup>
</Project>